
Microsoft Visual Studio Solution File, Format Version 12.00
# Visual Studio Version 17
VisualStudioVersion = 17.11.35303.130
MinimumVisualStudioVersion = 10.0.40219.1
Project("{FAE04EC0-301F-11D3-BF4B-00C04F79EFBC}") = "Fall2024-Assignment1-ggazzam", "Fall2024-Assignment1-ggazzam\Fall2024-Assignment1-ggazzam.csproj", "{33035A9B-7F49-43A7-9BED-AA34C36FC466}"
EndProject
Global
	GlobalSection(SolutionConfigurationPlatforms) = preSolution
		Debug|Any CPU = Debug|Any CPU
		Release|Any CPU = Release|Any CPU
	EndGlobalSection
	GlobalSection(ProjectConfigurationPlatforms) = postSolution
		{33035A9B-7F49-43A7-9BED-AA34C36FC466}.Debug|Any CPU.ActiveCfg = Debug|Any CPU
		{33035A9B-7F49-43A7-9BED-AA34C36FC466}.Debug|Any CPU.Build.0 = Debug|Any CPU
		{33035A9B-7F49-43A7-9BED-AA34C36FC466}.Release|Any CPU.ActiveCfg = Release|Any CPU
		{33035A9B-7F49-43A7-9BED-AA34C36FC466}.Release|Any CPU.Build.0 = Release|Any CPU
	EndGlobalSection
	GlobalSection(SolutionProperties) = preSolution
		HideSolutionNode = FALSE
	EndGlobalSection
	GlobalSection(ExtensibilityGlobals) = postSolution
		SolutionGuid = {8E153255-F288-4808-A4E6-90A3786FA63F}
	EndGlobalSection
EndGlobal
